// !$*UTF8*$!
{
	archiveVersion = 1;
	classes = {
	};
	objectVersion = 46;
	objects = {

/* Begin PBXBuildFile section */
		2EE72AFA1C0D1F4D00D924AA /* main.m in Sources */ = {isa = PBXBuildFile; fileRef = 2EE72AF91C0D1F4D00D924AA /* main.m */; };
		2EE72AFD1C0D1F4D00D924AA /* AppDelegate.m in Sources */ = {isa = PBXBuildFile; fileRef = 2EE72AFC1C0D1F4D00D924AA /* AppDelegate.m */; };
		2EE72B001C0D1F4D00D924AA /* ViewController.m in Sources */ = {isa = PBXBuildFile; fileRef = 2EE72AFF1C0D1F4D00D924AA /* ViewController.m */; };
		2EE72B031C0D1F4D00D924AA /* Main.storyboard in Resources */ = {isa = PBXBuildFile; fileRef = 2EE72B011C0D1F4D00D924AA /* Main.storyboard */; };
		2EE72B051C0D1F4D00D924AA /* Assets.xcassets in Resources */ = {isa = PBXBuildFile; fileRef = 2EE72B041C0D1F4D00D924AA /* Assets.xcassets */; };
		2EE72B081C0D1F4D00D924AA /* LaunchScreen.storyboard in Resources */ = {isa = PBXBuildFile; fileRef = 2EE72B061C0D1F4D00D924AA /* LaunchScreen.storyboard */; };
/* End PBXBuildFile section */

/* Begin PBXFileReference section */
		2EE72AF51C0D1F4D00D924AA /* UILabel.app */ = {isa = PBXFileReference; explicitFileType = wrapper.application; includeInIndex = 0; path = UILabel.app; sourceTree = BUILT_PRODUCTS_DIR; };
		2EE72AF91C0D1F4D00D924AA /* main.m */ = {isa = PBXFileReference; lastKnownFileType = sourcecode.c.objc; path = main.m; sourceTree = "<group>"; };
		2EE72AFB1C0D1F4D00D924AA /* AppDelegate.h */ = {isa = PBXFileReference; lastKnownFileType = sourcecode.c.h; path = AppDelegate.h; sourceTree = "<group>"; };
		2EE72AFC1C0D1F4D00D924AA /* AppDelegate.m */ = {isa = PBXFileReference; lastKnownFileType = sourcecode.c.objc; path = AppDelegate.m; sourceTree = "<group>"; };
		2EE72AFE1C0D1F4D00D924AA /* ViewController.h */ = {isa = PBXFileReference; lastKnownFileType = sourcecode.c.h; path = ViewController.h; sourceTree = "<group>"; };
		2EE72AFF1C0D1F4D00D924AA /* ViewController.m */ = {isa = PBXFileReference; lastKnownFileType = sourcecode.c.objc; path = ViewController.m; sourceTree = "<group>"; };
		2EE72B021C0D1F4D00D924AA /* Base */ = {isa = PBXFileReference; lastKnownFileType = file.storyboard; name = Base; path = Base.lproj/Main.storyboard; sourceTree = "<group>"; };
		2EE72B041C0D1F4D00D924AA /* Assets.xcassets */ = {isa = PBXFileReference; lastKnownFileType = folder.assetcatalog; path = Assets.xcassets; sourceTree = "<group>"; };
		2EE72B071C0D1F4D00D924AA /* Base */ = {isa = PBXFileReference; lastKnownFileType = file.storyboard; name = Base; path = Base.lproj/LaunchScreen.storyboard; sourceTree = "<group>"; };
		2EE72B091C0D1F4D00D924AA /* Info.plist */ = {isa = PBXFileReference; lastKnownFileType = text.plist.xml; path = Info.plist; sourceTree = "<group>"; };
/* End PBXFileReference section */

/* Begin PBXFrameworksBuildPhase section */
		2EE72AF21C0D1F4D00D924AA /* Frameworks */ = {
			isa = PBXFrameworksBuildPhase;
			buildActionMask = 2147483647;
			files = (
			);
			runOnlyForDeploymentPostprocessing = 0;
		};
/* End PBXFrameworksBuildPhase section */

/* Begin PBXGroup section */
		2EE72AEC1C0D1F4D00D924AA = {
			isa = PBXGroup;
			children = (
				2EE72AF71C0D1F4D00D924AA /* UILabel */,
				2EE72AF61C0D1F4D00D924AA /* Products */,
			);
			sourceTree = "<group>";
		};
		2EE72AF61C0D1F4D00D924AA /* Products */ = {
			isa = PBXGroup;
			children = (
				2EE72AF51C0D1F4D00D924AA /* UILabel.app */,
			);
			name = Products;
			sourceTree = "<group>";
		};
		2EE72AF71C0D1F4D00D924AA /* UILabel */ = {
			isa = PBXGroup;
			children = (
				2EE72AFB1C0D1F4D00D924AA /* AppDelegate.h */,
				2EE72AFC1C0D1F4D00D924AA /* AppDelegate.m */,
				2EE72AFE1C0D1F4D00D924AA /* ViewController.h */,
				2EE72AFF1C0D1F4D00D924AA /* ViewController.m */,
				2EE72B011C0D1F4D00D924AA /* Main.storyboard */,
				2EE72B041C0D1F4D00D924AA /* Assets.xcassets */,
				2EE72B061C0D1F4D00D924AA /* LaunchScreen.storyboard */,
				2EE72B091C0D1F4D00D924AA /* Info.plist */,
				2EE72AF81C0D1F4D00D924AA /* Supporting Files */,
			);
			path = UILabel;
			sourceTree = "<group>";
		};
		2EE72AF81C0D1F4D00D924AA /* Supporting Files */ = {
			isa = PBXGroup;
			children = (
				2EE72AF91C0D1F4D00D924AA /* main.m */,
			);
			name = "Supporting Files";
			sourceTree = "<group>";
		};
/* End PBXGroup section */

/* Begin PBXNativeTarget section */
		2EE72AF41C0D1F4D00D924AA /* UILabel */ = {
			isa = PBXNativeTarget;
			buildConfigurationList = 2EE72B0C1C0D1F4D00D924AA /* Build configuration list for PBXNativeTarget "UILabel" */;
			buildPhases = (
				2EE72AF11C0D1F4D00D924AA /* Sources */,
				2EE72AF21C0D1F4D00D924AA /* Frameworks */,
				2EE72AF31C0D1F4D00D924AA /* Resources */,
			);
			buildRules = (
			);
			dependencies = (
			);
			name = UILabel;
			productName = UILabel;
			productReference = 2EE72AF51C0D1F4D00D924AA /* UILabel.app */;
			productType = "com.apple.product-type.application";
		};
/* End PBXNativeTarget section */

/* Begin PBXProject section */
		2EE72AED1C0D1F4D00D924AA /* Project object */ = {
			isa = PBXProject;
			attributes = {
				LastUpgradeCheck = 0710;
				ORGANIZATIONNAME = wojtek;
				TargetAttributes = {
					2EE72AF41C0D1F4D00D924AA = {
						CreatedOnToolsVersion = 7.1.1;
					};
				};
			};
			buildConfigurationList = 2EE72AF01C0D1F4D00D924AA /* Build configuration list for PBXProject "UILabel" */;
			compatibilityVersion = "Xcode 3.2";
			developmentRegion = English;
			hasScannedForEncodings = 0;
			knownRegions = (
				en,
				Base,
			);
			mainGroup = 2EE72AEC1C0D1F4D00D924AA;
			productRefGroup = 2EE72AF61C0D1F4D00D924AA /* Products */;
			projectDirPath = "";
			projectRoot = "";
			targets = (
				2EE72AF41C0D1F4D00D924AA /* UILabel */,
			);
		};
/* End PBXProject section */

/* Begin PBXResourcesBuildPhase section */
		2EE72AF31C0D1F4D00D924AA /* Resources */ = {
			isa = PBXResourcesBuildPhase;
			buildActionMask = 2147483647;
			files = (
				2EE72B081C0D1F4D00D924AA /* LaunchScreen.storyboard in Resources */,
				2EE72B051C0D1F4D00D924AA /* Assets.xcassets in Resources */,
				2EE72B031C0D1F4D00D924AA /* Main.storyboard in Resources */,
			);
			runOnlyForDeploymentPostprocessing = 0;
		};
/* End PBXResourcesBuildPhase section */

/* Begin PBXSourcesBuildPhase section */
		2EE72AF11C0D1F4D00D924AA /* Sources */ = {
			isa = PBXSourcesBuildPhase;
			buildActionMask = 2147483647;
			files = (
				2EE72B001C0D1F4D00D924AA /* ViewController.m in Sources */,
				2EE72AFD1C0D1F4D00D924AA /* AppDelegate.m in Sources */,
				2EE72AFA1C0D1F4D00D924AA /* main.m in Sources */,
			);
			runOnlyForDeploymentPostprocessing = 0;
		};
/* End PBXSourcesBuildPhase section */

/* Begin PBXVariantGroup section */
		2EE72B011C0D1F4D00D924AA /* Main.storyboard */ = {
			isa = PBXVariantGroup;
			children = (
				2EE72B021C0D1F4D00D924AA /* Base */,
			);
			name = Main.storyboard;
			sourceTree = "<group>";
		};
		2EE72B061C0D1F4D00D924AA /* LaunchScreen.storyboard */ = {
			isa = PBXVariantGroup;
			children = (
				2EE72B071C0D1F4D00D924AA /* Base */,
			);
			name = LaunchScreen.storyboard;
			sourceTree = "<group>";
		};
/* End PBXVariantGroup section */

/* Begin XCBuildConfiguration section */
		2EE72B0A1C0D1F4D00D924AA /* Debug */ = {
			isa = XCBuildConfiguration;
			buildSettings = {
				ALWAYS_SEARCH_USER_PATHS = NO;
				CLANG_CXX_LANGUAGE_STANDARD = "gnu++0x";
				CLANG_CXX_LIBRARY = "libc++";
				CLANG_ENABLE_MODULES = YES;
				CLANG_ENABLE_OBJC_ARC = YES;
				CLANG_WARN_BOOL_CONVERSION = YES;
				CLANG_WARN_CONSTANT_CONVERSION = YES;
				CLANG_WARN_DIRECT_OBJC_ISA_USAGE = YES_ERROR;
				CLANG_WARN_EMPTY_BODY = YES;
				CLANG_WARN_ENUM_CONVERSION = YES;
				CLANG_WARN_INT_CONVERSION = YES;
				CLANG_WARN_OBJC_ROOT_CLASS = YES_ERROR;
				CLANG_WARN_UNREACHABLE_CODE = YES;
				CLANG_WARN__DUPLICATE_METHOD_MATCH = YES;
				"CODE_SIGN_IDENTITY[sdk=iphoneos*]" = "iPhone Developer";
				COPY_PHASE_STRIP = NO;
				DEBUG_INFORMATION_FORMAT = dwarf;
				ENABLE_STRICT_OBJC_MSGSEND = YES;
				ENABLE_TESTABILITY = YES;
				GCC_C_LANGUAGE_STANDARD = gnu99;
				GCC_DYNAMIC_NO_PIC = NO;
				GCC_NO_COMMON_BLOCKS = YES;
				GCC_OPTIMIZATION_LEVEL = 0;
				GCC_PREPROCESSOR_DEFINITIONS = (
					"DEBUG=1",
					"$(inherited)",
				);
				GCC_WARN_64_TO_32_BIT_CONVERSION = YES;
				GCC_WARN_ABOUT_RETURN_TYPE = YES_ERROR;
				GCC_WARN_UNDECLARED_SELECTOR = YES;
				GCC_WARN_UNINITIALIZED_AUTOS = YES_AGGRESSIVE;
				GCC_WARN_UNUSED_FUNCTION = YES;
				GCC_WARN_UNUSED_VARIABLE = YES;
				IPHONEOS_DEPLOYMENT_TARGET = 9.1;
				MTL_ENABLE_DEBUG_INFO = YES;
				ONLY_ACTIVE_ARCH = YES;
				SDKROOT = iphoneos;
			};
			name = Debug;
		};
		2EE72B0B1C0D1F4D00D924AA /* Release */ = {
			isa = XCBuildConfiguration;
			buildSettings = {
				ALWAYS_SEARCH_USER_PATHS = NO;
				CLANG_CXX_LANGUAGE_STANDARD = "gnu++0x";
				CLANG_CXX_LIBRARY = "libc++";
				CLANG_ENABLE_MODULES = YES;
				CLANG_ENABLE_OBJC_ARC = YES;
				CLANG_WARN_BOOL_CONVERSION = YES;
				CLANG_WARN_CONSTANT_CONVERSION = YES;
				CLANG_WARN_DIRECT_OBJC_ISA_USAGE = YES_ERROR;
				CLANG_WARN_EMPTY_BODY = YES;
				CLANG_WARN_ENUM_CONVERSION = YES;
				CLANG_WARN_INT_CONVERSION = YES;
				CLANG_WARN_OBJC_ROOT_CLASS = YES_ERROR;
				CLANG_WARN_UNREACHABLE_CODE = YES;
				CLANG_WARN__DUPLICATE_METHOD_MATCH = YES;
				"CODE_SIGN_IDENTITY[sdk=iphoneos*]" = "iPhone Developer";
				COPY_PHASE_STRIP = NO;
				DEBUG_INFORMATION_FORMAT = "dwarf-with-dsym";
				ENABLE_NS_ASSERTIONS = NO;
				ENABLE_STRICT_OBJC_MSGSEND = YES;
				GCC_C_LANGUAGE_STANDARD = gnu99;
				GCC_NO_COMMON_BLOCKS = YES;
				GCC_WARN_64_TO_32_BIT_CONVERSION = YES;
				GCC_WARN_ABOUT_RETURN_TYPE = YES_ERROR;
				GCC_WARN_UNDECLARED_SELECTOR = YES;
				GCC_WARN_UNINITIALIZED_AUTOS = YES_AGGRESSIVE;
				GCC_WARN_UNUSED_FUNCTION = YES;
				GCC_WARN_UNUSED_VARIABLE = YES;
				IPHONEOS_DEPLOYMENT_TARGET = 9.1;
				MTL_ENABLE_DEBUG_INFO = NO;
				SDKROOT = iphoneos;
				VALIDATE_PRODUCT = YES;
			};
			name = Release;
		};
		2EE72B0D1C0D1F4D00D924AA /* Debug */ = {
			isa = XCBuildConfiguration;
			buildSettings = {
				ASSETCATALOG_COMPILER_APPICON_NAME = AppIcon;
				INFOPLIST_FILE = UILabel/Info.plist;
				LD_RUNPATH_SEARCH_PATHS = "$(inherited) @executable_path/Frameworks";
				PRODUCT_BUNDLE_IDENTIFIER = dmyszewicz.UILabel;
				PRODUCT_NAME = "$(TARGET_NAME)";
			};
			name = Debug;
		};
		2EE72B0E1C0D1F4D00D924AA /* Release */ = {
			isa = XCBuildConfiguration;
			buildSettings = {
				ASSETCATALOG_COMPILER_APPICON_NAME = AppIcon;
				INFOPLIST_FILE = UILabel/Info.plist;
				LD_RUNPATH_SEARCH_PATHS = "$(inherited) @executable_path/Frameworks";
				PRODUCT_BUNDLE_IDENTIFIER = dmyszewicz.UILabel;
				PRODUCT_NAME = "$(TARGET_NAME)";
			};
			name = Release;
		};
/* End XCBuildConfiguration section */

/* Begin XCConfigurationList section */
		2EE72AF01C0D1F4D00D924AA /* Build configuration list for PBXProject "UILabel" */ = {
			isa = XCConfigurationList;
			buildConfigurations = (
				2EE72B0A1C0D1F4D00D924AA /* Debug */,
				2EE72B0B1C0D1F4D00D924AA /* Release */,
			);
			defaultConfigurationIsVisible = 0;
			defaultConfigurationName = Release;
		};
		2EE72B0C1C0D1F4D00D924AA /* Build configuration list for PBXNativeTarget "UILabel" */ = {
			isa = XCConfigurationList;
			buildConfigurations = (
				2EE72B0D1C0D1F4D00D924AA /* Debug */,
				2EE72B0E1C0D1F4D00D924AA /* Release */,
			);
			defaultConfigurationIsVisible = 0;
		};
/* End XCConfigurationList section */
	};
	rootObject = 2EE72AED1C0D1F4D00D924AA /* Project object */;
}
